// !$*UTF8*$!
{
	archiveVersion = 1;
	classes = {
	};
	objectVersion = 56;
	objects = {

/* Begin PBXBuildFile section */
		19A759B12BAA1C46004BACC2 /* CiCD_SampleApp.swift in Sources */ = {isa = PBXBuildFile; fileRef = 19A759B02BAA1C46004BACC2 /* CiCD_SampleApp.swift */; };
		19A759B32BAA1C46004BACC2 /* ContentView.swift in Sources */ = {isa = PBXBuildFile; fileRef = 19A759B22BAA1C46004BACC2 /* ContentView.swift */; };
		19A759B52BAA1C46004BACC2 /* Assets.xcassets in Resources */ = {isa = PBXBuildFile; fileRef = 19A759B42BAA1C46004BACC2 /* Assets.xcassets */; };
		19A759B82BAA1C46004BACC2 /* Preview Assets.xcassets in Resources */ = {isa = PBXBuildFile; fileRef = 19A759B72BAA1C46004BACC2 /* Preview Assets.xcassets */; };
		19A759C22BAA1C46004BACC2 /* CiCD_SampleTests.swift in Sources */ = {isa = PBXBuildFile; fileRef = 19A759C12BAA1C46004BACC2 /* CiCD_SampleTests.swift */; };
		19A759CC2BAA1C46004BACC2 /* CiCD_SampleUITests.swift in Sources */ = {isa = PBXBuildFile; fileRef = 19A759CB2BAA1C46004BACC2 /* CiCD_SampleUITests.swift */; };
		19A759CE2BAA1C46004BACC2 /* CiCD_SampleUITestsLaunchTests.swift in Sources */ = {isa = PBXBuildFile; fileRef = 19A759CD2BAA1C46004BACC2 /* CiCD_SampleUITestsLaunchTests.swift */; };
/* End PBXBuildFile section */

/* Begin PBXContainerItemProxy section */
		19A759BE2BAA1C46004BACC2 /* PBXContainerItemProxy */ = {
			isa = PBXContainerItemProxy;
			containerPortal = 19A759A52BAA1C45004BACC2 /* Project object */;
			proxyType = 1;
			remoteGlobalIDString = 19A759AC2BAA1C46004BACC2;
			remoteInfo = CiCD_Sample;
		};
		19A759C82BAA1C46004BACC2 /* PBXContainerItemProxy */ = {
			isa = PBXContainerItemProxy;
			containerPortal = 19A759A52BAA1C45004BACC2 /* Project object */;
			proxyType = 1;
			remoteGlobalIDString = 19A759AC2BAA1C46004BACC2;
			remoteInfo = CiCD_Sample;
		};
/* End PBXContainerItemProxy section */

/* Begin PBXFileReference section */
		19A759AD2BAA1C46004BACC2 /* CiCD_Sample.app */ = {isa = PBXFileReference; explicitFileType = wrapper.application; includeInIndex = 0; path = CiCD_Sample.app; sourceTree = BUILT_PRODUCTS_DIR; };
		19A759B02BAA1C46004BACC2 /* CiCD_SampleApp.swift */ = {isa = PBXFileReference; lastKnownFileType = sourcecode.swift; path = CiCD_SampleApp.swift; sourceTree = "<group>"; };
		19A759B22BAA1C46004BACC2 /* ContentView.swift */ = {isa = PBXFileReference; lastKnownFileType = sourcecode.swift; path = ContentView.swift; sourceTree = "<group>"; };
		19A759B42BAA1C46004BACC2 /* Assets.xcassets */ = {isa = PBXFileReference; lastKnownFileType = folder.assetcatalog; path = Assets.xcassets; sourceTree = "<group>"; };
		19A759B72BAA1C46004BACC2 /* Preview Assets.xcassets */ = {isa = PBXFileReference; lastKnownFileType = folder.assetcatalog; path = "Preview Assets.xcassets"; sourceTree = "<group>"; };
		19A759BD2BAA1C46004BACC2 /* CiCD_SampleTests.xctest */ = {isa = PBXFileReference; explicitFileType = wrapper.cfbundle; includeInIndex = 0; path = CiCD_SampleTests.xctest; sourceTree = BUILT_PRODUCTS_DIR; };
		19A759C12BAA1C46004BACC2 /* CiCD_SampleTests.swift */ = {isa = PBXFileReference; lastKnownFileType = sourcecode.swift; path = CiCD_SampleTests.swift; sourceTree = "<group>"; };
		19A759C72BAA1C46004BACC2 /* CiCD_SampleUITests.xctest */ = {isa = PBXFileReference; explicitFileType = wrapper.cfbundle; includeInIndex = 0; path = CiCD_SampleUITests.xctest; sourceTree = BUILT_PRODUCTS_DIR; };
		19A759CB2BAA1C46004BACC2 /* CiCD_SampleUITests.swift */ = {isa = PBXFileReference; lastKnownFileType = sourcecode.swift; path = CiCD_SampleUITests.swift; sourceTree = "<group>"; };
		19A759CD2BAA1C46004BACC2 /* CiCD_SampleUITestsLaunchTests.swift */ = {isa = PBXFileReference; lastKnownFileType = sourcecode.swift; path = CiCD_SampleUITestsLaunchTests.swift; sourceTree = "<group>"; };
/* End PBXFileReference section */

/* Begin PBXFrameworksBuildPhase section */
		19A759AA2BAA1C46004BACC2 /* Frameworks */ = {
			isa = PBXFrameworksBuildPhase;
			buildActionMask = 2147483647;
			files = (
			);
			runOnlyForDeploymentPostprocessing = 0;
		};
		19A759BA2BAA1C46004BACC2 /* Frameworks */ = {
			isa = PBXFrameworksBuildPhase;
			buildActionMask = 2147483647;
			files = (
			);
			runOnlyForDeploymentPostprocessing = 0;
		};
		19A759C42BAA1C46004BACC2 /* Frameworks */ = {
			isa = PBXFrameworksBuildPhase;
			buildActionMask = 2147483647;
			files = (
			);
			runOnlyForDeploymentPostprocessing = 0;
		};
/* End PBXFrameworksBuildPhase section */

/* Begin PBXGroup section */
		19A759A42BAA1C45004BACC2 = {
			isa = PBXGroup;
			children = (
				19A759AF2BAA1C46004BACC2 /* CiCD_Sample */,
				19A759C02BAA1C46004BACC2 /* CiCD_SampleTests */,
				19A759CA2BAA1C46004BACC2 /* CiCD_SampleUITests */,
				19A759AE2BAA1C46004BACC2 /* Products */,
			);
			sourceTree = "<group>";
		};
		19A759AE2BAA1C46004BACC2 /* Products */ = {
			isa = PBXGroup;
			children = (
				19A759AD2BAA1C46004BACC2 /* CiCD_Sample.app */,
				19A759BD2BAA1C46004BACC2 /* CiCD_SampleTests.xctest */,
				19A759C72BAA1C46004BACC2 /* CiCD_SampleUITests.xctest */,
			);
			name = Products;
			sourceTree = "<group>";
		};
		19A759AF2BAA1C46004BACC2 /* CiCD_Sample */ = {
			isa = PBXGroup;
			children = (
				19A759B02BAA1C46004BACC2 /* CiCD_SampleApp.swift */,
				19A759B22BAA1C46004BACC2 /* ContentView.swift */,
				19A759B42BAA1C46004BACC2 /* Assets.xcassets */,
				19A759B62BAA1C46004BACC2 /* Preview Content */,
			);
			path = CiCD_Sample;
			sourceTree = "<group>";
		};
		19A759B62BAA1C46004BACC2 /* Preview Content */ = {
			isa = PBXGroup;
			children = (
				19A759B72BAA1C46004BACC2 /* Preview Assets.xcassets */,
			);
			path = "Preview Content";
			sourceTree = "<group>";
		};
		19A759C02BAA1C46004BACC2 /* CiCD_SampleTests */ = {
			isa = PBXGroup;
			children = (
				19A759C12BAA1C46004BACC2 /* CiCD_SampleTests.swift */,
			);
			path = CiCD_SampleTests;
			sourceTree = "<group>";
		};
		19A759CA2BAA1C46004BACC2 /* CiCD_SampleUITests */ = {
			isa = PBXGroup;
			children = (
				19A759CB2BAA1C46004BACC2 /* CiCD_SampleUITests.swift */,
				19A759CD2BAA1C46004BACC2 /* CiCD_SampleUITestsLaunchTests.swift */,
			);
			path = CiCD_SampleUITests;
			sourceTree = "<group>";
		};
/* End PBXGroup section */

/* Begin PBXNativeTarget section */
		19A759AC2BAA1C46004BACC2 /* CiCD_Sample */ = {
			isa = PBXNativeTarget;
			buildConfigurationList = 19A759D12BAA1C46004BACC2 /* Build configuration list for PBXNativeTarget "CiCD_Sample" */;
			buildPhases = (
				19A759A92BAA1C46004BACC2 /* Sources */,
				19A759AA2BAA1C46004BACC2 /* Frameworks */,
				19A759AB2BAA1C46004BACC2 /* Resources */,
			);
			buildRules = (
			);
			dependencies = (
			);
			name = CiCD_Sample;
			productName = CiCD_Sample;
			productReference = 19A759AD2BAA1C46004BACC2 /* CiCD_Sample.app */;
			productType = "com.apple.product-type.application";
		};
		19A759BC2BAA1C46004BACC2 /* CiCD_SampleTests */ = {
			isa = PBXNativeTarget;
			buildConfigurationList = 19A759D42BAA1C46004BACC2 /* Build configuration list for PBXNativeTarget "CiCD_SampleTests" */;
			buildPhases = (
				19A759B92BAA1C46004BACC2 /* Sources */,
				19A759BA2BAA1C46004BACC2 /* Frameworks */,
				19A759BB2BAA1C46004BACC2 /* Resources */,
			);
			buildRules = (
			);
			dependencies = (
				19A759BF2BAA1C46004BACC2 /* PBXTargetDependency */,
			);
			name = CiCD_SampleTests;
			productName = CiCD_SampleTests;
			productReference = 19A759BD2BAA1C46004BACC2 /* CiCD_SampleTests.xctest */;
			productType = "com.apple.product-type.bundle.unit-test";
		};
		19A759C62BAA1C46004BACC2 /* CiCD_SampleUITests */ = {
			isa = PBXNativeTarget;
			buildConfigurationList = 19A759D72BAA1C46004BACC2 /* Build configuration list for PBXNativeTarget "CiCD_SampleUITests" */;
			buildPhases = (
				19A759C32BAA1C46004BACC2 /* Sources */,
				19A759C42BAA1C46004BACC2 /* Frameworks */,
				19A759C52BAA1C46004BACC2 /* Resources */,
			);
			buildRules = (
			);
			dependencies = (
				19A759C92BAA1C46004BACC2 /* PBXTargetDependency */,
			);
			name = CiCD_SampleUITests;
			productName = CiCD_SampleUITests;
			productReference = 19A759C72BAA1C46004BACC2 /* CiCD_SampleUITests.xctest */;
			productType = "com.apple.product-type.bundle.ui-testing";
		};
/* End PBXNativeTarget section */

/* Begin PBXProject section */
		19A759A52BAA1C45004BACC2 /* Project object */ = {
			isa = PBXProject;
			attributes = {
				BuildIndependentTargetsInParallel = 1;
				LastSwiftUpdateCheck = 1500;
				LastUpgradeCheck = 1500;
				TargetAttributes = {
					19A759AC2BAA1C46004BACC2 = {
						CreatedOnToolsVersion = 15.0;
					};
					19A759BC2BAA1C46004BACC2 = {
						CreatedOnToolsVersion = 15.0;
						TestTargetID = 19A759AC2BAA1C46004BACC2;
					};
					19A759C62BAA1C46004BACC2 = {
						CreatedOnToolsVersion = 15.0;
						TestTargetID = 19A759AC2BAA1C46004BACC2;
					};
				};
			};
			buildConfigurationList = 19A759A82BAA1C45004BACC2 /* Build configuration list for PBXProject "CiCD_Sample" */;
			compatibilityVersion = "Xcode 14.0";
			developmentRegion = en;
			hasScannedForEncodings = 0;
			knownRegions = (
				en,
				Base,
			);
			mainGroup = 19A759A42BAA1C45004BACC2;
			productRefGroup = 19A759AE2BAA1C46004BACC2 /* Products */;
			projectDirPath = "";
			projectRoot = "";
			targets = (
				19A759AC2BAA1C46004BACC2 /* CiCD_Sample */,
				19A759BC2BAA1C46004BACC2 /* CiCD_SampleTests */,
				19A759C62BAA1C46004BACC2 /* CiCD_SampleUITests */,
			);
		};
/* End PBXProject section */

/* Begin PBXResourcesBuildPhase section */
		19A759AB2BAA1C46004BACC2 /* Resources */ = {
			isa = PBXResourcesBuildPhase;
			buildActionMask = 2147483647;
			files = (
				19A759B82BAA1C46004BACC2 /* Preview Assets.xcassets in Resources */,
				19A759B52BAA1C46004BACC2 /* Assets.xcassets in Resources */,
			);
			runOnlyForDeploymentPostprocessing = 0;
		};
		19A759BB2BAA1C46004BACC2 /* Resources */ = {
			isa = PBXResourcesBuildPhase;
			buildActionMask = 2147483647;
			files = (
			);
			runOnlyForDeploymentPostprocessing = 0;
		};
		19A759C52BAA1C46004BACC2 /* Resources */ = {
			isa = PBXResourcesBuildPhase;
			buildActionMask = 2147483647;
			files = (
			);
			runOnlyForDeploymentPostprocessing = 0;
		};
/* End PBXResourcesBuildPhase section */

/* Begin PBXSourcesBuildPhase section */
		19A759A92BAA1C46004BACC2 /* Sources */ = {
			isa = PBXSourcesBuildPhase;
			buildActionMask = 2147483647;
			files = (
				19A759B32BAA1C46004BACC2 /* ContentView.swift in Sources */,
				19A759B12BAA1C46004BACC2 /* CiCD_SampleApp.swift in Sources */,
			);
			runOnlyForDeploymentPostprocessing = 0;
		};
		19A759B92BAA1C46004BACC2 /* Sources */ = {
			isa = PBXSourcesBuildPhase;
			buildActionMask = 2147483647;
			files = (
				19A759C22BAA1C46004BACC2 /* CiCD_SampleTests.swift in Sources */,
			);
			runOnlyForDeploymentPostprocessing = 0;
		};
		19A759C32BAA1C46004BACC2 /* Sources */ = {
			isa = PBXSourcesBuildPhase;
			buildActionMask = 2147483647;
			files = (
				19A759CC2BAA1C46004BACC2 /* CiCD_SampleUITests.swift in Sources */,
				19A759CE2BAA1C46004BACC2 /* CiCD_SampleUITestsLaunchTests.swift in Sources */,
			);
			runOnlyForDeploymentPostprocessing = 0;
		};
/* End PBXSourcesBuildPhase section */

/* Begin PBXTargetDependency section */
		19A759BF2BAA1C46004BACC2 /* PBXTargetDependency */ = {
			isa = PBXTargetDependency;
			target = 19A759AC2BAA1C46004BACC2 /* CiCD_Sample */;
			targetProxy = 19A759BE2BAA1C46004BACC2 /* PBXContainerItemProxy */;
		};
		19A759C92BAA1C46004BACC2 /* PBXTargetDependency */ = {
			isa = PBXTargetDependency;
			target = 19A759AC2BAA1C46004BACC2 /* CiCD_Sample */;
			targetProxy = 19A759C82BAA1C46004BACC2 /* PBXContainerItemProxy */;
		};
/* End PBXTargetDependency section */

/* Begin XCBuildConfiguration section */
		19A759CF2BAA1C46004BACC2 /* Debug */ = {
			isa = XCBuildConfiguration;
			buildSettings = {
				ALWAYS_SEARCH_USER_PATHS = NO;
				ASSETCATALOG_COMPILER_GENERATE_SWIFT_ASSET_SYMBOL_EXTENSIONS = YES;
				CLANG_ANALYZER_NONNULL = YES;
				CLANG_ANALYZER_NUMBER_OBJECT_CONVERSION = YES_AGGRESSIVE;
				CLANG_CXX_LANGUAGE_STANDARD = "gnu++20";
				CLANG_ENABLE_MODULES = YES;
				CLANG_ENABLE_OBJC_ARC = YES;
				CLANG_ENABLE_OBJC_WEAK = YES;
				CLANG_WARN_BLOCK_CAPTURE_AUTORELEASING = YES;
				CLANG_WARN_BOOL_CONVERSION = YES;
				CLANG_WARN_COMMA = YES;
				CLANG_WARN_CONSTANT_CONVERSION = YES;
				CLANG_WARN_DEPRECATED_OBJC_IMPLEMENTATIONS = YES;
				CLANG_WARN_DIRECT_OBJC_ISA_USAGE = YES_ERROR;
				CLANG_WARN_DOCUMENTATION_COMMENTS = YES;
				CLANG_WARN_EMPTY_BODY = YES;
				CLANG_WARN_ENUM_CONVERSION = YES;
				CLANG_WARN_INFINITE_RECURSION = YES;
				CLANG_WARN_INT_CONVERSION = YES;
				CLANG_WARN_NON_LITERAL_NULL_CONVERSION = YES;
				CLANG_WARN_OBJC_IMPLICIT_RETAIN_SELF = YES;
				CLANG_WARN_OBJC_LITERAL_CONVERSION = YES;
				CLANG_WARN_OBJC_ROOT_CLASS = YES_ERROR;
				CLANG_WARN_QUOTED_INCLUDE_IN_FRAMEWORK_HEADER = YES;
				CLANG_WARN_RANGE_LOOP_ANALYSIS = YES;
				CLANG_WARN_STRICT_PROTOTYPES = YES;
				CLANG_WARN_SUSPICIOUS_MOVE = YES;
				CLANG_WARN_UNGUARDED_AVAILABILITY = YES_AGGRESSIVE;
				CLANG_WARN_UNREACHABLE_CODE = YES;
				CLANG_WARN__DUPLICATE_METHOD_MATCH = YES;
				COPY_PHASE_STRIP = NO;
				DEBUG_INFORMATION_FORMAT = dwarf;
				ENABLE_STRICT_OBJC_MSGSEND = YES;
				ENABLE_TESTABILITY = YES;
				ENABLE_USER_SCRIPT_SANDBOXING = YES;
				GCC_C_LANGUAGE_STANDARD = gnu17;
				GCC_DYNAMIC_NO_PIC = NO;
				GCC_NO_COMMON_BLOCKS = YES;
				GCC_OPTIMIZATION_LEVEL = 0;
				GCC_PREPROCESSOR_DEFINITIONS = (
					"DEBUG=1",
					"$(inherited)",
				);
				GCC_WARN_64_TO_32_BIT_CONVERSION = YES;
				GCC_WARN_ABOUT_RETURN_TYPE = YES_ERROR;
				GCC_WARN_UNDECLARED_SELECTOR = YES;
				GCC_WARN_UNINITIALIZED_AUTOS = YES_AGGRESSIVE;
				GCC_WARN_UNUSED_FUNCTION = YES;
				GCC_WARN_UNUSED_VARIABLE = YES;
				IPHONEOS_DEPLOYMENT_TARGET = 17.0;
				LOCALIZATION_PREFERS_STRING_CATALOGS = YES;
				MTL_ENABLE_DEBUG_INFO = INCLUDE_SOURCE;
				MTL_FAST_MATH = YES;
				ONLY_ACTIVE_ARCH = YES;
				SDKROOT = iphoneos;
				SWIFT_ACTIVE_COMPILATION_CONDITIONS = "DEBUG $(inherited)";
				SWIFT_OPTIMIZATION_LEVEL = "-Onone";
			};
			name = Debug;
		};
		19A759D02BAA1C46004BACC2 /* Release */ = {
			isa = XCBuildConfiguration;
			buildSettings = {
				ALWAYS_SEARCH_USER_PATHS = NO;
				ASSETCATALOG_COMPILER_GENERATE_SWIFT_ASSET_SYMBOL_EXTENSIONS = YES;
				CLANG_ANALYZER_NONNULL = YES;
				CLANG_ANALYZER_NUMBER_OBJECT_CONVERSION = YES_AGGRESSIVE;
				CLANG_CXX_LANGUAGE_STANDARD = "gnu++20";
				CLANG_ENABLE_MODULES = YES;
				CLANG_ENABLE_OBJC_ARC = YES;
				CLANG_ENABLE_OBJC_WEAK = YES;
				CLANG_WARN_BLOCK_CAPTURE_AUTORELEASING = YES;
				CLANG_WARN_BOOL_CONVERSION = YES;
				CLANG_WARN_COMMA = YES;
				CLANG_WARN_CONSTANT_CONVERSION = YES;
				CLANG_WARN_DEPRECATED_OBJC_IMPLEMENTATIONS = YES;
				CLANG_WARN_DIRECT_OBJC_ISA_USAGE = YES_ERROR;
				CLANG_WARN_DOCUMENTATION_COMMENTS = YES;
				CLANG_WARN_EMPTY_BODY = YES;
				CLANG_WARN_ENUM_CONVERSION = YES;
				CLANG_WARN_INFINITE_RECURSION = YES;
				CLANG_WARN_INT_CONVERSION = YES;
				CLANG_WARN_NON_LITERAL_NULL_CONVERSION = YES;
				CLANG_WARN_OBJC_IMPLICIT_RETAIN_SELF = YES;
				CLANG_WARN_OBJC_LITERAL_CONVERSION = YES;
				CLANG_WARN_OBJC_ROOT_CLASS = YES_ERROR;
				CLANG_WARN_QUOTED_INCLUDE_IN_FRAMEWORK_HEADER = YES;
				CLANG_WARN_RANGE_LOOP_ANALYSIS = YES;
				CLANG_WARN_STRICT_PROTOTYPES = YES;
				CLANG_WARN_SUSPICIOUS_MOVE = YES;
				CLANG_WARN_UNGUARDED_AVAILABILITY = YES_AGGRESSIVE;
				CLANG_WARN_UNREACHABLE_CODE = YES;
				CLANG_WARN__DUPLICATE_METHOD_MATCH = YES;
				COPY_PHASE_STRIP = NO;
				DEBUG_INFORMATION_FORMAT = "dwarf-with-dsym";
				ENABLE_NS_ASSERTIONS = NO;
				ENABLE_STRICT_OBJC_MSGSEND = YES;
				ENABLE_USER_SCRIPT_SANDBOXING = YES;
				GCC_C_LANGUAGE_STANDARD = gnu17;
				GCC_NO_COMMON_BLOCKS = YES;
				GCC_WARN_64_TO_32_BIT_CONVERSION = YES;
				GCC_WARN_ABOUT_RETURN_TYPE = YES_ERROR;
				GCC_WARN_UNDECLARED_SELECTOR = YES;
				GCC_WARN_UNINITIALIZED_AUTOS = YES_AGGRESSIVE;
				GCC_WARN_UNUSED_FUNCTION = YES;
				GCC_WARN_UNUSED_VARIABLE = YES;
				IPHONEOS_DEPLOYMENT_TARGET = 17.0;
				LOCALIZATION_PREFERS_STRING_CATALOGS = YES;
				MTL_ENABLE_DEBUG_INFO = NO;
				MTL_FAST_MATH = YES;
				SDKROOT = iphoneos;
				SWIFT_COMPILATION_MODE = wholemodule;
				VALIDATE_PRODUCT = YES;
			};
			name = Release;
		};
		19A759D22BAA1C46004BACC2 /* Debug */ = {
			isa = XCBuildConfiguration;
			buildSettings = {
				ASSETCATALOG_COMPILER_APPICON_NAME = AppIcon;
				ASSETCATALOG_COMPILER_GLOBAL_ACCENT_COLOR_NAME = AccentColor;
				CODE_SIGN_STYLE = Automatic;
				CURRENT_PROJECT_VERSION = 1;
				DEVELOPMENT_ASSET_PATHS = "\"CiCD_Sample/Preview Content\"";
				DEVELOPMENT_TEAM = HPGD7SH866;
				ENABLE_PREVIEWS = YES;
				GENERATE_INFOPLIST_FILE = YES;
				INFOPLIST_KEY_UIApplicationSceneManifest_Generation = YES;
				INFOPLIST_KEY_UIApplicationSupportsIndirectInputEvents = YES;
				INFOPLIST_KEY_UILaunchScreen_Generation = YES;
				INFOPLIST_KEY_UISupportedInterfaceOrientations_iPad = "UIInterfaceOrientationPortrait UIInterfaceOrientationPortraitUpsideDown UIInterfaceOrientationLandscapeLeft UIInterfaceOrientationLandscapeRight";
				INFOPLIST_KEY_UISupportedInterfaceOrientations_iPhone = "UIInterfaceOrientationPortrait UIInterfaceOrientationLandscapeLeft UIInterfaceOrientationLandscapeRight";
				IPHONEOS_DEPLOYMENT_TARGET = 14.0;
				LD_RUNPATH_SEARCH_PATHS = (
					"$(inherited)",
					"@executable_path/Frameworks",
				);
				MARKETING_VERSION = 1.0;
				PRODUCT_BUNDLE_IDENTIFIER = "com.avnish.CiCD-Sample";
				PRODUCT_NAME = "$(TARGET_NAME)";
				SWIFT_EMIT_LOC_STRINGS = YES;
				SWIFT_VERSION = 5.0;
				TARGETED_DEVICE_FAMILY = "1,2";
			};
			name = Debug;
		};
		19A759D32BAA1C46004BACC2 /* Release */ = {
			isa = XCBuildConfiguration;
			buildSettings = {
				ASSETCATALOG_COMPILER_APPICON_NAME = AppIcon;
				ASSETCATALOG_COMPILER_GLOBAL_ACCENT_COLOR_NAME = AccentColor;
				CODE_SIGN_STYLE = Automatic;
				CURRENT_PROJECT_VERSION = 1;
				DEVELOPMENT_ASSET_PATHS = "\"CiCD_Sample/Preview Content\"";
				DEVELOPMENT_TEAM = HPGD7SH866;
				ENABLE_PREVIEWS = YES;
				GENERATE_INFOPLIST_FILE = YES;
				INFOPLIST_KEY_UIApplicationSceneManifest_Generation = YES;
				INFOPLIST_KEY_UIApplicationSupportsIndirectInputEvents = YES;
				INFOPLIST_KEY_UILaunchScreen_Generation = YES;
				INFOPLIST_KEY_UISupportedInterfaceOrientations_iPad = "UIInterfaceOrientationPortrait UIInterfaceOrientationPortraitUpsideDown UIInterfaceOrientationLandscapeLeft UIInterfaceOrientationLandscapeRight";
				INFOPLIST_KEY_UISupportedInterfaceOrientations_iPhone = "UIInterfaceOrientationPortrait UIInterfaceOrientationLandscapeLeft UIInterfaceOrientationLandscapeRight";
				IPHONEOS_DEPLOYMENT_TARGET = 14.0;
				LD_RUNPATH_SEARCH_PATHS = (
					"$(inherited)",
					"@executable_path/Frameworks",
				);
				MARKETING_VERSION = 1.0;
				PRODUCT_BUNDLE_IDENTIFIER = "com.avnish.CiCD-Sample";
				PRODUCT_NAME = "$(TARGET_NAME)";
				SWIFT_EMIT_LOC_STRINGS = YES;
				SWIFT_VERSION = 5.0;
				TARGETED_DEVICE_FAMILY = "1,2";
			};
			name = Release;
		};
		19A759D52BAA1C46004BACC2 /* Debug */ = {
			isa = XCBuildConfiguration;
			buildSettings = {
				ALWAYS_EMBED_SWIFT_STANDARD_LIBRARIES = YES;
				BUNDLE_LOADER = "$(TEST_HOST)";
				CODE_SIGN_STYLE = Automatic;
				CURRENT_PROJECT_VERSION = 1;
				DEVELOPMENT_TEAM = HPGD7SH866;
				GENERATE_INFOPLIST_FILE = YES;
				IPHONEOS_DEPLOYMENT_TARGET = 17.0;
				MARKETING_VERSION = 1.0;
				PRODUCT_BUNDLE_IDENTIFIER = "com.avnish.CiCD-SampleTests";
				PRODUCT_NAME = "$(TARGET_NAME)";
				SWIFT_EMIT_LOC_STRINGS = NO;
				SWIFT_VERSION = 5.0;
				TARGETED_DEVICE_FAMILY = "1,2";
				TEST_HOST = "$(BUILT_PRODUCTS_DIR)/CiCD_Sample.app/$(BUNDLE_EXECUTABLE_FOLDER_PATH)/CiCD_Sample";
			};
			name = Debug;
		};
		19A759D62BAA1C46004BACC2 /* Release */ = {
			isa = XCBuildConfiguration;
			buildSettings = {
				ALWAYS_EMBED_SWIFT_STANDARD_LIBRARIES = YES;
				BUNDLE_LOADER = "$(TEST_HOST)";
				CODE_SIGN_STYLE = Automatic;
				CURRENT_PROJECT_VERSION = 1;
				DEVELOPMENT_TEAM = HPGD7SH866;
				GENERATE_INFOPLIST_FILE = YES;
				IPHONEOS_DEPLOYMENT_TARGET = 17.0;
				MARKETING_VERSION = 1.0;
				PRODUCT_BUNDLE_IDENTIFIER = "com.avnish.CiCD-SampleTests";
				PRODUCT_NAME = "$(TARGET_NAME)";
				SWIFT_EMIT_LOC_STRINGS = NO;
				SWIFT_VERSION = 5.0;
				TARGETED_DEVICE_FAMILY = "1,2";
				TEST_HOST = "$(BUILT_PRODUCTS_DIR)/CiCD_Sample.app/$(BUNDLE_EXECUTABLE_FOLDER_PATH)/CiCD_Sample";
			};
			name = Release;
		};
		19A759D82BAA1C46004BACC2 /* Debug */ = {
			isa = XCBuildConfiguration;
			buildSettings = {
				ALWAYS_EMBED_SWIFT_STANDARD_LIBRARIES = YES;
				CODE_SIGN_STYLE = Automatic;
				CURRENT_PROJECT_VERSION = 1;
				DEVELOPMENT_TEAM = HPGD7SH866;
				GENERATE_INFOPLIST_FILE = YES;
				MARKETING_VERSION = 1.0;
				PRODUCT_BUNDLE_IDENTIFIER = "com.avnish.CiCD-SampleUITests";
				PRODUCT_NAME = "$(TARGET_NAME)";
				SWIFT_EMIT_LOC_STRINGS = NO;
				SWIFT_VERSION = 5.0;
				TARGETED_DEVICE_FAMILY = "1,2";
				TEST_TARGET_NAME = CiCD_Sample;
			};
			name = Debug;
		};
		19A759D92BAA1C46004BACC2 /* Release */ = {
			isa = XCBuildConfiguration;
			buildSettings = {
				ALWAYS_EMBED_SWIFT_STANDARD_LIBRARIES = YES;
				CODE_SIGN_STYLE = Automatic;
				CURRENT_PROJECT_VERSION = 1;
				DEVELOPMENT_TEAM = HPGD7SH866;
				GENERATE_INFOPLIST_FILE = YES;
				MARKETING_VERSION = 1.0;
				PRODUCT_BUNDLE_IDENTIFIER = "com.avnish.CiCD-SampleUITests";
				PRODUCT_NAME = "$(TARGET_NAME)";
				SWIFT_EMIT_LOC_STRINGS = NO;
				SWIFT_VERSION = 5.0;
				TARGETED_DEVICE_FAMILY = "1,2";
				TEST_TARGET_NAME = CiCD_Sample;
			};
			name = Release;
		};
/* End XCBuildConfiguration section */

/* Begin XCConfigurationList section */
		19A759A82BAA1C45004BACC2 /* Build configuration list for PBXProject "CiCD_Sample" */ = {
			isa = XCConfigurationList;
			buildConfigurations = (
				19A759CF2BAA1C46004BACC2 /* Debug */,
				19A759D02BAA1C46004BACC2 /* Release */,
			);
			defaultConfigurationIsVisible = 0;
			defaultConfigurationName = Release;
		};
		19A759D12BAA1C46004BACC2 /* Build configuration list for PBXNativeTarget "CiCD_Sample" */ = {
			isa = XCConfigurationList;
			buildConfigurations = (
				19A759D22BAA1C46004BACC2 /* Debug */,
				19A759D32BAA1C46004BACC2 /* Release */,
			);
			defaultConfigurationIsVisible = 0;
			defaultConfigurationName = Release;
		};
		19A759D42BAA1C46004BACC2 /* Build configuration list for PBXNativeTarget "CiCD_SampleTests" */ = {
			isa = XCConfigurationList;
			buildConfigurations = (
				19A759D52BAA1C46004BACC2 /* Debug */,
				19A759D62BAA1C46004BACC2 /* Release */,
			);
			defaultConfigurationIsVisible = 0;
			defaultConfigurationName = Release;
		};
		19A759D72BAA1C46004BACC2 /* Build configuration list for PBXNativeTarget "CiCD_SampleUITests" */ = {
			isa = XCConfigurationList;
			buildConfigurations = (
				19A759D82BAA1C46004BACC2 /* Debug */,
				19A759D92BAA1C46004BACC2 /* Release */,
			);
			defaultConfigurationIsVisible = 0;
			defaultConfigurationName = Release;
		};
/* End XCConfigurationList section */
	};
	rootObject = 19A759A52BAA1C45004BACC2 /* Project object */;
}
